
Microsoft Visual Studio Solution File, Format Version 12.00
# Visual Studio Version 17
VisualStudioVersion = 17.7.34221.43
MinimumVisualStudioVersion = 10.0.40219.1
Project("{FAE04EC0-301F-11D3-BF4B-00C04F79EFBC}") = "OOPsInCsharp", "OOPsInCsharp.csproj", "{3D08CDD7-A46B-45B0-93F0-EA414718613E}"
EndProject
Global
	GlobalSection(SolutionConfigurationPlatforms) = preSolution
		Debug|Any CPU = Debug|Any CPU
		Release|Any CPU = Release|Any CPU
	EndGlobalSection
	GlobalSection(ProjectConfigurationPlatforms) = postSolution
		{3D08CDD7-A46B-45B0-93F0-EA414718613E}.Debug|Any CPU.ActiveCfg = Debug|Any CPU
		{3D08CDD7-A46B-45B0-93F0-EA414718613E}.Debug|Any CPU.Build.0 = Debug|Any CPU
		{3D08CDD7-A46B-45B0-93F0-EA414718613E}.Release|Any CPU.ActiveCfg = Release|Any CPU
		{3D08CDD7-A46B-45B0-93F0-EA414718613E}.Release|Any CPU.Build.0 = Release|Any CPU
	EndGlobalSection
	GlobalSection(SolutionProperties) = preSolution
		HideSolutionNode = FALSE
	EndGlobalSection
	GlobalSection(ExtensibilityGlobals) = postSolution
		SolutionGuid = {EDD0BC34-7460-4CB0-B6F1-8803789875F7}
	EndGlobalSection
EndGlobal
